
Microsoft Visual Studio Solution File, Format Version 12.00
# Visual Studio Version 17
VisualStudioVersion = 17.8.34309.116
MinimumVisualStudioVersion = 10.0.40219.1
Project("{FAE04EC0-301F-11D3-BF4B-00C04F79EFBC}") = "dotnet-jwt-auth", "dotnet-jwt-auth.csproj", "{3762CC39-489C-4BC3-A6CD-FC4F4954FED7}"
EndProject
Global
	GlobalSection(SolutionConfigurationPlatforms) = preSolution
		Debug|Any CPU = Debug|Any CPU
		Release|Any CPU = Release|Any CPU
	EndGlobalSection
	GlobalSection(ProjectConfigurationPlatforms) = postSolution
		{3762CC39-489C-4BC3-A6CD-FC4F4954FED7}.Debug|Any CPU.ActiveCfg = Debug|Any CPU
		{3762CC39-489C-4BC3-A6CD-FC4F4954FED7}.Debug|Any CPU.Build.0 = Debug|Any CPU
		{3762CC39-489C-4BC3-A6CD-FC4F4954FED7}.Release|Any CPU.ActiveCfg = Release|Any CPU
		{3762CC39-489C-4BC3-A6CD-FC4F4954FED7}.Release|Any CPU.Build.0 = Release|Any CPU
	EndGlobalSection
	GlobalSection(SolutionProperties) = preSolution
		HideSolutionNode = FALSE
	EndGlobalSection
	GlobalSection(ExtensibilityGlobals) = postSolution
		SolutionGuid = {FFFE1CC1-E1FA-4BB9-A71E-3665FB59421D}
	EndGlobalSection
EndGlobal
